
Microsoft Visual Studio Solution File, Format Version 12.00
# Visual Studio Version 17
VisualStudioVersion = 17.13.35828.75 d17.13
MinimumVisualStudioVersion = 10.0.40219.1
Project("{FAE04EC0-301F-11D3-BF4B-00C04F79EFBC}") = "ContentGeneratorApp", "ContentGeneratorApp\ContentGeneratorApp.csproj", "{C5ADF74B-2DE2-47CF-B992-C816FC4BFDEA}"
EndProject
Global
	GlobalSection(SolutionConfigurationPlatforms) = preSolution
		Debug|Any CPU = Debug|Any CPU
		Release|Any CPU = Release|Any CPU
	EndGlobalSection
	GlobalSection(ProjectConfigurationPlatforms) = postSolution
		{C5ADF74B-2DE2-47CF-B992-C816FC4BFDEA}.Debug|Any CPU.ActiveCfg = Debug|Any CPU
		{C5ADF74B-2DE2-47CF-B992-C816FC4BFDEA}.Debug|Any CPU.Build.0 = Debug|Any CPU
		{C5ADF74B-2DE2-47CF-B992-C816FC4BFDEA}.Release|Any CPU.ActiveCfg = Release|Any CPU
		{C5ADF74B-2DE2-47CF-B992-C816FC4BFDEA}.Release|Any CPU.Build.0 = Release|Any CPU
	EndGlobalSection
	GlobalSection(SolutionProperties) = preSolution
		HideSolutionNode = FALSE
	EndGlobalSection
	GlobalSection(ExtensibilityGlobals) = postSolution
		SolutionGuid = {E0041C14-64D3-4F39-B00F-814ED0B2CB3B}
	EndGlobalSection
EndGlobal
